
Microsoft Visual Studio Solution File, Format Version 12.00
# Visual Studio Version 16
VisualStudioVersion = 16.0.31410.357
MinimumVisualStudioVersion = 10.0.40219.1
Project("{FAE04EC0-301F-11D3-BF4B-00C04F79EFBC}") = "Basic_Core_Programs", "Basic_Core_Programs\Basic_Core_Programs.csproj", "{100B7CEB-C38F-4205-A7A5-607A4F298770}"
EndProject
Global
	GlobalSection(SolutionConfigurationPlatforms) = preSolution
		Debug|Any CPU = Debug|Any CPU
		Release|Any CPU = Release|Any CPU
	EndGlobalSection
	GlobalSection(ProjectConfigurationPlatforms) = postSolution
		{100B7CEB-C38F-4205-A7A5-607A4F298770}.Debug|Any CPU.ActiveCfg = Debug|Any CPU
		{100B7CEB-C38F-4205-A7A5-607A4F298770}.Debug|Any CPU.Build.0 = Debug|Any CPU
		{100B7CEB-C38F-4205-A7A5-607A4F298770}.Release|Any CPU.ActiveCfg = Release|Any CPU
		{100B7CEB-C38F-4205-A7A5-607A4F298770}.Release|Any CPU.Build.0 = Release|Any CPU
	EndGlobalSection
	GlobalSection(SolutionProperties) = preSolution
		HideSolutionNode = FALSE
	EndGlobalSection
	GlobalSection(ExtensibilityGlobals) = postSolution
		SolutionGuid = {BEA5AE77-8562-472B-B9AF-2552F2CCE176}
	EndGlobalSection
EndGlobal
